<?xml version="1.0" encoding="utf-8"?>
<Project ToolsVersion="4.0" xmlns="http://schemas.microsoft.com/developer/msbuild/2003">
  <ItemGroup>
    <Filter Include="Source Files">
      <UniqueIdentifier>{4FC737F1-C7A5-4376-A066-2A32D752A2FF}</UniqueIdentifier>
      <Extensions>cpp;c;cc;cxx;def;odl;idl;hpj;bat;asm;asmx</Extensions>
    </Filter>
    <Filter Include="Header Files">
      <UniqueIdentifier>{93995380-89BD-4b04-88EB-625FBE52EBFB}</UniqueIdentifier>
      <Extensions>h;hh;hpp;hxx;hm;inl;inc;xsd</Extensions>
    </Filter>
    <Filter Include="Resource Files">
      <UniqueIdentifier>{67DA6AB6-F800-4c08-8B7A-83BB121AAD01}</UniqueIdentifier>
      <Extensions>rc;ico;cur;bmp;dlg;rc2;rct;bin;rgs;gif;jpg;jpeg;jpe;resx;tiff;tif;png;wav;mfcribbon-ms</Extensions>
    </Filter>
    <Filter Include="Resource Files\Resources">
      <UniqueIdentifier>{c828eeac-2d36-417b-8e1e-44aae91944b3}</UniqueIdentifier>
    </Filter>
    <Filter Include="Source Files\Entry">
      <UniqueIdentifier>{57179d4d-f69d-44ab-86ac-f3ea11570402}</UniqueIdentifier>
    </Filter>
    <Filter Include="Header Files\Entry">
      <UniqueIdentifier>{8289a0fa-5b37-492b-a749-5497c5ac8158}</UniqueIdentifier>
    </Filter>
    <Filter Include="Header Files\Lab01_Diffuse">
      <UniqueIdentifier>{40579056-cfd3-4cf5-a8cf-14b35e328a67}</UniqueIdentifier>
    </Filter>
    <Filter Include="Source Files\Lab01_Diffuse">
      <UniqueIdentifier>{9e935da7-34b4-48b4-bafc-687005396290}</UniqueIdentifier>
    </Filter>
    <Filter Include="Header Files\Lab02_Features">
      <UniqueIdentifier>{c2bb85fc-7ba0-4f97-b6b3-9803b8dbe3ea}</UniqueIdentifier>
    </Filter>
    <Filter Include="Source Files\Lab02_Features">
      <UniqueIdentifier>{d22eba68-d9c7-43d2-b592-62fc2660e67c}</UniqueIdentifier>
    </Filter>
    <Filter Include="Header Files\Shared">
      <UniqueIdentifier>{3e8e8d0e-a6dc-454c-bc94-021e0fecfa1f}</UniqueIdentifier>
    </Filter>
    <Filter Include="Source Files\Shared">
      <UniqueIdentifier>{7622234f-53fd-4790-924c-9daec6f667a2}</UniqueIdentifier>
    </Filter>
    <Filter Include="Header Files\Lab03_LightsAndEffects">
      <UniqueIdentifier>{9af52dbf-5fc2-46fc-a27b-c27f21e917c8}</UniqueIdentifier>
    </Filter>
    <Filter Include="Source Files\Lab03_LightsAndEffects">
      <UniqueIdentifier>{344346f9-3599-489a-85b2-05df4f602e32}</UniqueIdentifier>
    </Filter>
  </ItemGroup>
  <ItemGroup>
    <ClInclude Include="Sandbox.h">
      <Filter>Header Files\Entry</Filter>
    </ClInclude>
    <ClInclude Include="SandboxLoop.h">
      <Filter>Header Files\Entry</Filter>
    </ClInclude>
    <ClInclude Include="stdafx.h">
      <Filter>Header Files\Entry</Filter>
    </ClInclude>
    <ClInclude Include="Lab01_Diffuse\DiffuseSceneFrame.h">
      <Filter>Header Files\Lab01_Diffuse</Filter>
    </ClInclude>
    <ClInclude Include="Lab01_Diffuse\LitTorus.h">
      <Filter>Header Files\Lab01_Diffuse</Filter>
    </ClInclude>
    <ClInclude Include="Lab02_Features\FeaturesSceneFrame.h">
      <Filter>Header Files\Lab02_Features</Filter>
    </ClInclude>
    <ClInclude Include="Lab02_Features\PhongTorus.h">
      <Filter>Header Files\Lab02_Features</Filter>
    </ClInclude>
    <ClInclude Include="Lab02_Features\PhongFlatMaterial.h">
      <Filter>Header Files\Lab02_Features</Filter>
    </ClInclude>
    <ClInclude Include="Lab02_Features\NoLidTeapot.h">
      <Filter>Header Files\Lab02_Features</Filter>
    </ClInclude>
    <ClInclude Include="Lab02_Features\DiscardTorus.h">
      <Filter>Header Files\Lab02_Features</Filter>
    </ClInclude>
    <ClInclude Include="Lab03_LightsAndEffects\LightsAndEffectsSceneFrame.h">
      <Filter>Header Files\Lab03_LightsAndEffects</Filter>
    </ClInclude>
    <ClInclude Include="LightSourceGraphicsObject.h">
      <Filter>Header Files\Shared</Filter>
    </ClInclude>
    <ClInclude Include="LightSourceObject.h">
      <Filter>Header Files\Shared</Filter>
    </ClInclude>
    <ClInclude Include="CameraTargetObject.h">
      <Filter>Header Files\Shared</Filter>
    </ClInclude>
    <ClInclude Include="LabControls.h">
      <Filter>Header Files\Shared</Filter>
    </ClInclude>
    <ClInclude Include="Lab03_LightsAndEffects\Lab3Controls.h">
      <Filter>Header Files\Lab03_LightsAndEffects</Filter>
    </ClInclude>
    <ClInclude Include="Lab03_LightsAndEffects\Tree.h">
      <Filter>Header Files\Lab03_LightsAndEffects</Filter>
    </ClInclude>
    <ClInclude Include="Lab03_LightsAndEffects\MultiPhongMaterial.h">
      <Filter>Header Files\Lab03_LightsAndEffects</Filter>
    </ClInclude>
    <ClInclude Include="Lab03_LightsAndEffects\PhongFogMaterial.h">
      <Filter>Header Files\Lab03_LightsAndEffects</Filter>
    </ClInclude>
    <ClInclude Include="Lab03_LightsAndEffects\StageGameObject.h">
      <Filter>Header Files\Lab03_LightsAndEffects</Filter>
    </ClInclude>
    <ClInclude Include="Lab03_LightsAndEffects\StageGraphicsObject.h">
      <Filter>Header Files\Lab03_LightsAndEffects</Filter>
    </ClInclude>
    <ClInclude Include="Lab02_Features\DiscardPhongMaterial.h">
      <Filter>Header Files\Lab02_Features</Filter>
    </ClInclude>
    <ClInclude Include="TemplateMaterial.h">
      <Filter>Header Files\Shared</Filter>
    </ClInclude>
    <ClInclude Include="TemplateTorus.h">
      <Filter>Header Files\Shared</Filter>
    </ClInclude>
  </ItemGroup>
  <ItemGroup>
    <ClCompile Include="Main.cpp">
      <Filter>Source Files\Entry</Filter>
    </ClCompile>
    <ClCompile Include="Sandbox.cpp">
      <Filter>Source Files\Entry</Filter>
    </ClCompile>
    <ClCompile Include="SandboxLoop.cpp">
      <Filter>Source Files\Entry</Filter>
    </ClCompile>
    <ClCompile Include="Lab01_Diffuse\DiffuseSceneFrame.cpp">
      <Filter>Source Files\Lab01_Diffuse</Filter>
    </ClCompile>
    <ClCompile Include="Lab01_Diffuse\LitTorus.cpp">
      <Filter>Source Files\Lab01_Diffuse</Filter>
    </ClCompile>
    <ClCompile Include="Lab02_Features\FeaturesSceneFrame.cpp">
      <Filter>Source Files\Lab02_Features</Filter>
    </ClCompile>
    <ClCompile Include="Lab02_Features\PhongTorus.cpp">
      <Filter>Source Files\Lab02_Features</Filter>
    </ClCompile>
    <ClCompile Include="Lab02_Features\PhongFlatMaterial.cpp">
      <Filter>Source Files\Lab02_Features</Filter>
    </ClCompile>
    <ClCompile Include="Lab02_Features\NoLidTeapot.cpp">
      <Filter>Source Files\Lab02_Features</Filter>
    </ClCompile>
    <ClCompile Include="Lab02_Features\DiscardTorus.cpp">
      <Filter>Source Files\Lab02_Features</Filter>
    </ClCompile>
    <ClCompile Include="Lab03_LightsAndEffects\LightsAndEffectsSceneFrame.cpp">
      <Filter>Source Files\Lab03_LightsAndEffects</Filter>
    </ClCompile>
    <ClCompile Include="LightSourceObject.cpp">
      <Filter>Source Files\Shared</Filter>
    </ClCompile>
    <ClCompile Include="LightSourceGraphicsObject.cpp">
      <Filter>Source Files\Shared</Filter>
    </ClCompile>
    <ClCompile Include="CameraTargetObject.cpp">
      <Filter>Source Files\Shared</Filter>
    </ClCompile>
    <ClCompile Include="LabControls.cpp">
      <Filter>Source Files\Shared</Filter>
    </ClCompile>
    <ClCompile Include="Lab03_LightsAndEffects\Lab3Controls.cpp">
      <Filter>Source Files\Lab03_LightsAndEffects</Filter>
    </ClCompile>
    <ClCompile Include="Lab03_LightsAndEffects\Tree.cpp">
      <Filter>Source Files\Lab03_LightsAndEffects</Filter>
    </ClCompile>
    <ClCompile Include="Lab03_LightsAndEffects\MultiPhongMaterial.cpp">
      <Filter>Source Files\Lab03_LightsAndEffects</Filter>
    </ClCompile>
    <ClCompile Include="Lab03_LightsAndEffects\PhongFogMaterial.cpp">
      <Filter>Source Files\Lab03_LightsAndEffects</Filter>
    </ClCompile>
    <ClCompile Include="Lab03_LightsAndEffects\StageGameObject.cpp">
      <Filter>Source Files\Lab03_LightsAndEffects</Filter>
    </ClCompile>
    <ClCompile Include="Lab03_LightsAndEffects\StageGraphicsObject.cpp">
      <Filter>Source Files\Lab03_LightsAndEffects</Filter>
    </ClCompile>
    <ClCompile Include="TemplateMaterial.cpp">
      <Filter>Source Files\Shared</Filter>
    </ClCompile>
    <ClCompile Include="TemplateTorus.cpp">
      <Filter>Source Files\Shared</Filter>
    </ClCompile>
    <ClCompile Include="Lab02_Features\DiscardPhongMaterial.cpp">
      <Filter>Source Files\Lab02_Features</Filter>
    </ClCompile>
  </ItemGroup>
  <ItemGroup>
    <None Include="sandbox.config">
      <Filter>Resource Files</Filter>
    </None>
    <None Include="Resources\torus.obj">
      <Filter>Resource Files\Resources</Filter>
    </None>
  </ItemGroup>
</Project>