<?xml version="1.0" encoding="utf-8"?>
<Project ToolsVersion="4.0" xmlns="http://schemas.microsoft.com/developer/msbuild/2003">
  <ItemGroup>
    <ClCompile Include="Lab03_LightsAndEffects\PhongFogMaterial.cpp" />
    <ClCompile Include="Lab02_Features\DiscardPhongMaterial.cpp" />
    <ClCompile Include="Lab02_Features\DiscardTorus.cpp" />
    <ClCompile Include="Lab02_Features\PhongFlatMaterial.cpp" />
    <ClCompile Include="Lab03_LightsAndEffects\LightsAndEffectsSceneFrame.cpp" />
    <ClCompile Include="Lab03_LightsAndEffects\Lab3Controls.cpp" />
    <ClCompile Include="Lab04_Textures\FrameBufferCubeGameObject.cpp" />
    <ClCompile Include="Lab04_Textures\TexturesSceneFrame.cpp" />
    <ClCompile Include="Lab05_Geometry\GeometrySceneFrame.cpp" />
    <ClCompile Include="LabControls.cpp" />
    <ClCompile Include="LightSourceGraphicsObject.cpp" />
    <ClCompile Include="Lab01_Diffuse\LitTorus.cpp" />
    <ClCompile Include="Lab02_Features\FeaturesSceneFrame.cpp" />
    <ClCompile Include="Lab02_Features\PhongTorus.cpp" />
    <ClCompile Include="Main.cpp" />
    <ClCompile Include="Lab02_Features\NoLidTeapot.cpp" />
    <ClCompile Include="Lab03_LightsAndEffects\MultiPhongMaterial.cpp" />
    <ClCompile Include="Sandbox.cpp" />
    <ClCompile Include="SandboxLoop.cpp" />
    <ClCompile Include="Lab01_Diffuse\DiffuseSceneFrame.cpp" />
    <ClCompile Include="CameraTargetObject.cpp" />
    <ClCompile Include="Lab03_LightsAndEffects\Tree.cpp" />
    <ClCompile Include="TemplateMaterial.cpp" />
    <ClCompile Include="TemplateObj.cpp" />
    <ClCompile Include="Lab03_LightsAndEffects\StageGameObject.cpp" />
    <ClCompile Include="Lab03_LightsAndEffects\StageGraphicsObject.cpp" />
  </ItemGroup>
  <ItemGroup>
    <ClInclude Include="Lab03_LightsAndEffects\PhongFogMaterial.h" />
    <ClInclude Include="Lab02_Features\DiscardPhongMaterial.h" />
    <ClInclude Include="Lab02_Features\DiscardTorus.h" />
    <ClInclude Include="Lab02_Features\PhongFlatMaterial.h" />
    <ClInclude Include="Lab03_LightsAndEffects\LightsAndEffectsSceneFrame.h" />
    <ClInclude Include="Lab03_LightsAndEffects\Lab3Controls.h" />
    <ClInclude Include="Lab04_Textures\FrameBufferCubeGameObject.h" />
    <ClInclude Include="Lab04_Textures\TexturesSceneFrame.h" />
    <ClInclude Include="Lab05_Geometry\GeometrySceneFrame.h" />
    <ClInclude Include="LabControls.h" />
    <ClInclude Include="LightSourceGraphicsObject.h" />
    <ClInclude Include="LightSourceObject.h" />
    <ClInclude Include="Lab01_Diffuse\LitTorus.h" />
    <ClInclude Include="Lab02_Features\FeaturesSceneFrame.h" />
    <ClInclude Include="Lab02_Features\PhongTorus.h" />
    <ClInclude Include="Lab02_Features\NoLidTeapot.h" />
    <ClInclude Include="Lab03_LightsAndEffects\MultiPhongMaterial.h" />
    <ClInclude Include="Sandbox.h" />
    <ClInclude Include="SandboxLoop.h" />
    <ClInclude Include="Lab01_Diffuse\DiffuseSceneFrame.h" />
    <ClInclude Include="Lab03_LightsAndEffects\StageGameObject.h" />
    <ClInclude Include="Lab03_LightsAndEffects\StageGraphicsObject.h" />
    <ClInclude Include="stdafx.h" />
    <ClInclude Include="CameraTargetObject.h" />
    <ClInclude Include="Lab03_LightsAndEffects\Tree.h" />
    <ClInclude Include="TemplateMaterial.h" />
    <ClInclude Include="TemplateObj.h" />
  </ItemGroup>
  <ItemGroup>
    <None Include="sandbox.config" />
  </ItemGroup>
</Project>