<?xml version="1.0" encoding="utf-8"?>
<Project ToolsVersion="4.0" xmlns="http://schemas.microsoft.com/developer/msbuild/2003">
  <ItemGroup>
    <Filter Include="Source Files">
      <UniqueIdentifier>{4FC737F1-C7A5-4376-A066-2A32D752A2FF}</UniqueIdentifier>
      <Extensions>cpp;c;cc;cxx;def;odl;idl;hpj;bat;asm;asmx</Extensions>
    </Filter>
    <Filter Include="Header Files">
      <UniqueIdentifier>{93995380-89BD-4b04-88EB-625FBE52EBFB}</UniqueIdentifier>
      <Extensions>h;hh;hpp;hxx;hm;inl;inc;xsd</Extensions>
    </Filter>
    <Filter Include="Resource Files">
      <UniqueIdentifier>{67DA6AB6-F800-4c08-8B7A-83BB121AAD01}</UniqueIdentifier>
      <Extensions>rc;ico;cur;bmp;dlg;rc2;rct;bin;rgs;gif;jpg;jpeg;jpe;resx;tiff;tif;png;wav;mfcribbon-ms</Extensions>
    </Filter>
    <Filter Include="Source Files\Tiles">
      <UniqueIdentifier>{c8140de8-aea0-4c95-b946-cffbb89dfba4}</UniqueIdentifier>
    </Filter>
    <Filter Include="Header Files\Tiles">
      <UniqueIdentifier>{913d4412-2c1d-4268-ba9b-76426f5fb7c2}</UniqueIdentifier>
    </Filter>
    <Filter Include="Source Files\World">
      <UniqueIdentifier>{6d92ed2f-54fb-4889-9baa-3c82d263bdae}</UniqueIdentifier>
    </Filter>
    <Filter Include="Header Files\World">
      <UniqueIdentifier>{34159036-7966-416c-b2f6-32f7924979d2}</UniqueIdentifier>
    </Filter>
    <Filter Include="Header Files\GameObjects">
      <UniqueIdentifier>{a11bdb0c-4100-4689-aaac-22d070360f53}</UniqueIdentifier>
    </Filter>
    <Filter Include="Source Files\GameObjects">
      <UniqueIdentifier>{eadfcd90-a391-47a4-882f-26cf69ab31da}</UniqueIdentifier>
    </Filter>
    <Filter Include="Resource Files\Shaders">
      <UniqueIdentifier>{44993ca8-569f-4285-be7e-6a74baae508e}</UniqueIdentifier>
    </Filter>
    <Filter Include="Header Files\CFB">
      <UniqueIdentifier>{78434184-eeef-417c-b7cf-6545f493b82b}</UniqueIdentifier>
    </Filter>
    <Filter Include="Source Files\CFB">
      <UniqueIdentifier>{3ec9b96b-0ebf-4863-b71a-001326243d66}</UniqueIdentifier>
    </Filter>
    <Filter Include="Resource Files\Audio">
      <UniqueIdentifier>{5edb6786-ec23-415f-9359-de15925da960}</UniqueIdentifier>
    </Filter>
    <Filter Include="Resource Files\Textures">
      <UniqueIdentifier>{ae85fe52-964a-4ccf-a989-bc2b791b9469}</UniqueIdentifier>
    </Filter>
    <Filter Include="Resource Files\Resources">
      <UniqueIdentifier>{b5ab7c28-d32b-42c4-b7a7-c9c1164b5fb6}</UniqueIdentifier>
    </Filter>
    <Filter Include="Header Files\World\ChunkProviders">
      <UniqueIdentifier>{5285cc94-293f-46d7-9f20-ddb376d2fc97}</UniqueIdentifier>
    </Filter>
    <Filter Include="Source Files\World\ChunkProviders">
      <UniqueIdentifier>{29e31a92-12bb-43b2-b47e-9f0ff99fb444}</UniqueIdentifier>
    </Filter>
    <Filter Include="Header Files\World\Graphics">
      <UniqueIdentifier>{2a04361a-99aa-4aac-a78e-5fb81229a661}</UniqueIdentifier>
    </Filter>
    <Filter Include="Source Files\World\Graphics">
      <UniqueIdentifier>{88a0db7a-48f3-46fb-8763-ec7611bf710c}</UniqueIdentifier>
    </Filter>
  </ItemGroup>
  <ItemGroup>
    <ClInclude Include="stdafx.h">
      <Filter>Header Files</Filter>
    </ClInclude>
    <ClInclude Include="TileManager.h">
      <Filter>Header Files</Filter>
    </ClInclude>
    <ClInclude Include="ITile.h">
      <Filter>Header Files\Tiles</Filter>
    </ClInclude>
    <ClInclude Include="AirTile.h">
      <Filter>Header Files\Tiles</Filter>
    </ClInclude>
    <ClInclude Include="CastleStairsTile.h">
      <Filter>Header Files\Tiles</Filter>
    </ClInclude>
    <ClInclude Include="DirtTile.h">
      <Filter>Header Files\Tiles</Filter>
    </ClInclude>
    <ClInclude Include="DockTile.h">
      <Filter>Header Files\Tiles</Filter>
    </ClInclude>
    <ClInclude Include="FlowingWaterTile.h">
      <Filter>Header Files\Tiles</Filter>
    </ClInclude>
    <ClInclude Include="PathStairsTile.h">
      <Filter>Header Files\Tiles</Filter>
    </ClInclude>
    <ClInclude Include="PathTile.h">
      <Filter>Header Files\Tiles</Filter>
    </ClInclude>
    <ClInclude Include="RoadTile.h">
      <Filter>Header Files\Tiles</Filter>
    </ClInclude>
    <ClInclude Include="RockStairsTile.h">
      <Filter>Header Files\Tiles</Filter>
    </ClInclude>
    <ClInclude Include="RockTile.h">
      <Filter>Header Files\Tiles</Filter>
    </ClInclude>
    <ClInclude Include="WaterTile.h">
      <Filter>Header Files\Tiles</Filter>
    </ClInclude>
    <ClInclude Include="IStairsTile.h">
      <Filter>Header Files\Tiles</Filter>
    </ClInclude>
    <ClInclude Include="RoadStairsTile.h">
      <Filter>Header Files\Tiles</Filter>
    </ClInclude>
    <ClInclude Include="CastleWallTile.h">
      <Filter>Header Files\Tiles</Filter>
    </ClInclude>
    <ClInclude Include="CastleSpireTile.h">
      <Filter>Header Files\Tiles</Filter>
    </ClInclude>
    <ClInclude Include="Chunk.h">
      <Filter>Header Files\World</Filter>
    </ClInclude>
    <ClInclude Include="ICPSelector.h">
      <Filter>Header Files\World</Filter>
    </ClInclude>
    <ClInclude Include="WorldLoader.h">
      <Filter>Header Files\World</Filter>
    </ClInclude>
    <ClInclude Include="World.h">
      <Filter>Header Files\World</Filter>
    </ClInclude>
    <ClInclude Include="TileRPGGame.h">
      <Filter>Header Files</Filter>
    </ClInclude>
    <ClInclude Include="TileRPGGameLoop.h">
      <Filter>Header Files</Filter>
    </ClInclude>
    <ClInclude Include="TestEventObject.h">
      <Filter>Header Files\GameObjects</Filter>
    </ClInclude>
    <ClInclude Include="TestMusicObject.h">
      <Filter>Header Files\GameObjects</Filter>
    </ClInclude>
    <ClInclude Include="TestSceneFrame.h">
      <Filter>Header Files</Filter>
    </ClInclude>
    <ClInclude Include="PlayerObject.h">
      <Filter>Header Files\GameObjects</Filter>
    </ClInclude>
    <ClInclude Include="CfbFile.h">
      <Filter>Header Files\CFB</Filter>
    </ClInclude>
    <ClInclude Include="CfbStream.h">
      <Filter>Header Files\CFB</Filter>
    </ClInclude>
    <ClInclude Include="Sector.h">
      <Filter>Header Files\CFB</Filter>
    </ClInclude>
    <ClInclude Include="CfbHeader.h">
      <Filter>Header Files\CFB</Filter>
    </ClInclude>
    <ClInclude Include="CfbFATSector.h">
      <Filter>Header Files\CFB</Filter>
    </ClInclude>
    <ClInclude Include="CfbDIFATSector.h">
      <Filter>Header Files\CFB</Filter>
    </ClInclude>
    <ClInclude Include="World_SelectorY.h">
      <Filter>Header Files\World</Filter>
    </ClInclude>
    <ClInclude Include="World_SelectorZ.h">
      <Filter>Header Files\World</Filter>
    </ClInclude>
    <ClInclude Include="ChunkLoadHint.h">
      <Filter>Header Files\World</Filter>
    </ClInclude>
    <ClInclude Include="IChunkProvider.h">
      <Filter>Header Files\World\ChunkProviders</Filter>
    </ClInclude>
    <ClInclude Include="DiskChunkProvider.h">
      <Filter>Header Files\World\ChunkProviders</Filter>
    </ClInclude>
    <ClInclude Include="DummyChunkProvider.h">
      <Filter>Header Files\World\ChunkProviders</Filter>
    </ClInclude>
    <ClInclude Include="WorldGraphicsObject.h">
      <Filter>Header Files\World\Graphics</Filter>
    </ClInclude>
    <ClInclude Include="ChunkGraphicsObject.h">
      <Filter>Header Files\World\Graphics</Filter>
    </ClInclude>
    <ClInclude Include="TileCollisionProvider.h">
      <Filter>Header Files\World</Filter>
    </ClInclude>
  </ItemGroup>
  <ItemGroup>
    <ClCompile Include="Main.cpp">
      <Filter>Source Files</Filter>
    </ClCompile>
    <ClCompile Include="TileManager.cpp">
      <Filter>Source Files</Filter>
    </ClCompile>
    <ClCompile Include="AirTile.cpp">
      <Filter>Source Files\Tiles</Filter>
    </ClCompile>
    <ClCompile Include="WaterTile.cpp">
      <Filter>Source Files\Tiles</Filter>
    </ClCompile>
    <ClCompile Include="FlowingWaterTile.cpp">
      <Filter>Source Files\Tiles</Filter>
    </ClCompile>
    <ClCompile Include="DirtTile.cpp">
      <Filter>Source Files\Tiles</Filter>
    </ClCompile>
    <ClCompile Include="RockTile.cpp">
      <Filter>Source Files\Tiles</Filter>
    </ClCompile>
    <ClCompile Include="PathTile.cpp">
      <Filter>Source Files\Tiles</Filter>
    </ClCompile>
    <ClCompile Include="RockStairsTile.cpp">
      <Filter>Source Files\Tiles</Filter>
    </ClCompile>
    <ClCompile Include="PathStairsTile.cpp">
      <Filter>Source Files\Tiles</Filter>
    </ClCompile>
    <ClCompile Include="RoadTile.cpp">
      <Filter>Source Files\Tiles</Filter>
    </ClCompile>
    <ClCompile Include="RoadStairsTile.cpp">
      <Filter>Source Files\Tiles</Filter>
    </ClCompile>
    <ClCompile Include="DockTile.cpp">
      <Filter>Source Files\Tiles</Filter>
    </ClCompile>
    <ClCompile Include="CastleStairsTile.cpp">
      <Filter>Source Files\Tiles</Filter>
    </ClCompile>
    <ClCompile Include="IStairsTile.cpp">
      <Filter>Source Files\Tiles</Filter>
    </ClCompile>
    <ClCompile Include="CastleWallTile.cpp">
      <Filter>Source Files\Tiles</Filter>
    </ClCompile>
    <ClCompile Include="CastleSpireTile.cpp">
      <Filter>Source Files\Tiles</Filter>
    </ClCompile>
    <ClCompile Include="ICPSelector.cpp">
      <Filter>Source Files\World</Filter>
    </ClCompile>
    <ClCompile Include="Chunk.cpp">
      <Filter>Source Files\World</Filter>
    </ClCompile>
    <ClCompile Include="World.cpp">
      <Filter>Source Files\World</Filter>
    </ClCompile>
    <ClCompile Include="WorldLoader.cpp">
      <Filter>Source Files\World</Filter>
    </ClCompile>
    <ClCompile Include="TileRPGGame.cpp">
      <Filter>Source Files</Filter>
    </ClCompile>
    <ClCompile Include="TileRPGGameLoop.cpp">
      <Filter>Source Files</Filter>
    </ClCompile>
    <ClCompile Include="TestMusicObject.cpp">
      <Filter>Source Files\GameObjects</Filter>
    </ClCompile>
    <ClCompile Include="TestEventObject.cpp">
      <Filter>Source Files\GameObjects</Filter>
    </ClCompile>
    <ClCompile Include="TestSceneFrame.cpp">
      <Filter>Source Files</Filter>
    </ClCompile>
    <ClCompile Include="CfbFile.cpp">
      <Filter>Source Files\CFB</Filter>
    </ClCompile>
    <ClCompile Include="CfbStream.cpp">
      <Filter>Source Files\CFB</Filter>
    </ClCompile>
    <ClCompile Include="CfbFile_DIFAT.cpp">
      <Filter>Source Files\CFB</Filter>
    </ClCompile>
    <ClCompile Include="CfbFile_FAT.cpp">
      <Filter>Source Files\CFB</Filter>
    </ClCompile>
    <ClCompile Include="CfbFile_MiniFAT.cpp">
      <Filter>Source Files\CFB</Filter>
    </ClCompile>
    <ClCompile Include="CfbFile_SectorCache.cpp">
      <Filter>Source Files\CFB</Filter>
    </ClCompile>
    <ClCompile Include="World_SelectorY.cpp">
      <Filter>Source Files\World</Filter>
    </ClCompile>
    <ClCompile Include="World_SelectorZ.cpp">
      <Filter>Source Files\World</Filter>
    </ClCompile>
    <ClCompile Include="DiskChunkProvider.cpp">
      <Filter>Source Files\World\ChunkProviders</Filter>
    </ClCompile>
    <ClCompile Include="IChunkProvider.cpp">
      <Filter>Source Files\World\ChunkProviders</Filter>
    </ClCompile>
    <ClCompile Include="DummyChunkProvider.cpp">
      <Filter>Source Files\World\ChunkProviders</Filter>
    </ClCompile>
    <ClCompile Include="WorldGraphicsObject.cpp">
      <Filter>Source Files\World\Graphics</Filter>
    </ClCompile>
    <ClCompile Include="ChunkGraphicsObject.cpp">
      <Filter>Source Files\World\Graphics</Filter>
    </ClCompile>
    <ClCompile Include="ITile.cpp">
      <Filter>Source Files</Filter>
    </ClCompile>
    <ClCompile Include="PlayerObject.cpp">
      <Filter>Source Files\GameObjects</Filter>
    </ClCompile>
    <ClCompile Include="TileCollisionProvider.cpp">
      <Filter>Source Files\World</Filter>
    </ClCompile>
  </ItemGroup>
  <ItemGroup>
    <None Include="TileRPG.config">
      <Filter>Resource Files</Filter>
    </None>
    <None Include="Shaders\std.vert.shader">
      <Filter>Resource Files\Shaders</Filter>
    </None>
    <None Include="Shaders\std.frag.shader">
      <Filter>Resource Files\Shaders</Filter>
    </None>
    <None Include="Shaders\simple.frag.shader">
      <Filter>Resource Files\Shaders</Filter>
    </None>
    <None Include="Shaders\simple.vert.shader">
      <Filter>Resource Files\Shaders</Filter>
    </None>
    <None Include="Shaders\direct_light.frag.shader">
      <Filter>Resource Files\Shaders</Filter>
    </None>
    <None Include="Shaders\direct_light.vert.shader">
      <Filter>Resource Files\Shaders</Filter>
    </None>
    <None Include="Shaders\direct_light_tex.frag.shader">
      <Filter>Resource Files\Shaders</Filter>
    </None>
    <None Include="Shaders\direct_light_tex.vert.shader">
      <Filter>Resource Files\Shaders</Filter>
    </None>
    <None Include="Audio\overworld-main.ogg">
      <Filter>Resource Files\Audio</Filter>
    </None>
    <None Include="Audio\overworld-start.ogg">
      <Filter>Resource Files\Audio</Filter>
    </None>
    <None Include="Resources\test.fbx">
      <Filter>Resource Files\Resources</Filter>
    </None>
  </ItemGroup>
  <ItemGroup>
    <Image Include="Textures\checkers.png">
      <Filter>Resource Files\Textures</Filter>
    </Image>
  </ItemGroup>
  <ItemGroup>
    <Object Include="Resources\suzanne.obj">
      <Filter>Resource Files\Resources</Filter>
    </Object>
  </ItemGroup>
</Project>