<?xml version="1.0" encoding="utf-8"?>
<Project ToolsVersion="4.0" xmlns="http://schemas.microsoft.com/developer/msbuild/2003">
  <ItemGroup>
    <Filter Include="Source Files">
      <UniqueIdentifier>{4FC737F1-C7A5-4376-A066-2A32D752A2FF}</UniqueIdentifier>
      <Extensions>cpp;c;cc;cxx;def;odl;idl;hpj;bat;asm;asmx</Extensions>
    </Filter>
    <Filter Include="Header Files">
      <UniqueIdentifier>{93995380-89BD-4b04-88EB-625FBE52EBFB}</UniqueIdentifier>
      <Extensions>h;hh;hpp;hxx;hm;inl;inc;xsd</Extensions>
    </Filter>
    <Filter Include="Resource Files">
      <UniqueIdentifier>{67DA6AB6-F800-4c08-8B7A-83BB121AAD01}</UniqueIdentifier>
      <Extensions>rc;ico;cur;bmp;dlg;rc2;rct;bin;rgs;gif;jpg;jpeg;jpe;resx;tiff;tif;png;wav;mfcribbon-ms</Extensions>
    </Filter>
    <Filter Include="Header Files\GlEngine">
      <UniqueIdentifier>{f1e7903a-4a41-486c-82af-8df577ce1513}</UniqueIdentifier>
    </Filter>
    <Filter Include="Source Files\GlEngine">
      <UniqueIdentifier>{44dcc902-aeb1-44dc-8b6c-a0fa76e0ff05}</UniqueIdentifier>
    </Filter>
    <Filter Include="Header Files\GlEngine\Impl">
      <UniqueIdentifier>{1c82b25c-0973-4f8a-89a7-e756faffa44d}</UniqueIdentifier>
    </Filter>
    <Filter Include="Source Files\GlEngine\Impl">
      <UniqueIdentifier>{6adad3ce-caf6-4aee-b200-ff3fc742c3e7}</UniqueIdentifier>
    </Filter>
  </ItemGroup>
  <ItemGroup>
    <ClInclude Include="stdafx.h">
      <Filter>Header Files</Filter>
    </ClInclude>
    <ClInclude Include="Threading.h">
      <Filter>Header Files</Filter>
    </ClInclude>
    <ClInclude Include="OpenGl.h">
      <Filter>Header Files</Filter>
    </ClInclude>
    <ClInclude Include="Engine.h">
      <Filter>Header Files\GlEngine</Filter>
    </ClInclude>
    <ClInclude Include="GameLoop.h">
      <Filter>Header Files\GlEngine</Filter>
    </ClInclude>
    <ClInclude Include="IComponent.h">
      <Filter>Header Files\GlEngine</Filter>
    </ClInclude>
    <ClInclude Include="IGameComponent.h">
      <Filter>Header Files\GlEngine</Filter>
    </ClInclude>
    <ClInclude Include="ScopedLock.h">
      <Filter>Header Files\GlEngine</Filter>
    </ClInclude>
    <ClInclude Include="Window.h">
      <Filter>Header Files\GlEngine</Filter>
    </ClInclude>
    <ClInclude Include="WindowManager.h">
      <Filter>Header Files\GlEngine</Filter>
    </ClInclude>
    <ClInclude Include="GlController.h">
      <Filter>Header Files\GlEngine</Filter>
    </ClInclude>
    <ClInclude Include="GlControllerImpl.h">
      <Filter>Header Files\GlEngine\Impl</Filter>
    </ClInclude>
    <ClInclude Include="Vector.h">
      <Filter>Header Files\GlEngine</Filter>
    </ClInclude>
    <ClInclude Include="Matrix.h">
      <Filter>Header Files\GlEngine</Filter>
    </ClInclude>
    <ClInclude Include="GlRenderTargetImpl.h">
      <Filter>Header Files\GlEngine\Impl</Filter>
    </ClInclude>
    <ClInclude Include="GlRenderTarget.h">
      <Filter>Header Files\GlEngine</Filter>
    </ClInclude>
    <ClInclude Include="ServiceProvider.h">
      <Filter>Header Files\GlEngine</Filter>
    </ClInclude>
    <ClInclude Include="IService.h">
      <Filter>Header Files\GlEngine</Filter>
    </ClInclude>
  </ItemGroup>
  <ItemGroup>
    <ClCompile Include="Main.cpp">
      <Filter>Source Files</Filter>
    </ClCompile>
    <ClCompile Include="Engine.cpp">
      <Filter>Source Files\GlEngine</Filter>
    </ClCompile>
    <ClCompile Include="GameLoop.cpp">
      <Filter>Source Files\GlEngine</Filter>
    </ClCompile>
    <ClCompile Include="ScopedLock.cpp">
      <Filter>Source Files\GlEngine</Filter>
    </ClCompile>
    <ClCompile Include="Window_WndProc.cpp">
      <Filter>Source Files\GlEngine</Filter>
    </ClCompile>
    <ClCompile Include="Window.cpp">
      <Filter>Source Files\GlEngine</Filter>
    </ClCompile>
    <ClCompile Include="WindowManager.cpp">
      <Filter>Source Files\GlEngine</Filter>
    </ClCompile>
    <ClCompile Include="GlController.cpp">
      <Filter>Source Files\GlEngine</Filter>
    </ClCompile>
    <ClCompile Include="GlControllerImpl.cpp">
      <Filter>Source Files\GlEngine\Impl</Filter>
    </ClCompile>
    <ClCompile Include="GlRenderTargetImpl.cpp">
      <Filter>Source Files\GlEngine\Impl</Filter>
    </ClCompile>
    <ClCompile Include="GlRenderTarget.cpp">
      <Filter>Source Files\GlEngine</Filter>
    </ClCompile>
    <ClCompile Include="ServiceProvider.cpp">
      <Filter>Source Files\GlEngine</Filter>
    </ClCompile>
  </ItemGroup>
  <ItemGroup>
    <None Include="packages.config" />
  </ItemGroup>
</Project>