<?xml version="1.0" encoding="utf-8"?>
<Project ToolsVersion="4.0" xmlns="http://schemas.microsoft.com/developer/msbuild/2003">
  <ItemGroup>
    <Filter Include="Source Files">
      <UniqueIdentifier>{4FC737F1-C7A5-4376-A066-2A32D752A2FF}</UniqueIdentifier>
      <Extensions>cpp;c;cc;cxx;def;odl;idl;hpj;bat;asm;asmx</Extensions>
    </Filter>
    <Filter Include="Header Files">
      <UniqueIdentifier>{93995380-89BD-4b04-88EB-625FBE52EBFB}</UniqueIdentifier>
      <Extensions>h;hh;hpp;hxx;hm;inl;inc;xsd</Extensions>
    </Filter>
    <Filter Include="Resource Files">
      <UniqueIdentifier>{67DA6AB6-F800-4c08-8B7A-83BB121AAD01}</UniqueIdentifier>
      <Extensions>rc;ico;cur;bmp;dlg;rc2;rct;bin;rgs;gif;jpg;jpeg;jpe;resx;tiff;tif;png;wav;mfcribbon-ms</Extensions>
    </Filter>
    <Filter Include="Header Files\GlEngine">
      <UniqueIdentifier>{f1e7903a-4a41-486c-82af-8df577ce1513}</UniqueIdentifier>
    </Filter>
    <Filter Include="Source Files\GlEngine">
      <UniqueIdentifier>{44dcc902-aeb1-44dc-8b6c-a0fa76e0ff05}</UniqueIdentifier>
    </Filter>
    <Filter Include="Source Files\GlEngine\Impl">
      <UniqueIdentifier>{6adad3ce-caf6-4aee-b200-ff3fc742c3e7}</UniqueIdentifier>
    </Filter>
    <Filter Include="Source Files\GlEngine\Events">
      <UniqueIdentifier>{717aa156-75c6-4bc9-9e4b-5a56037cd64a}</UniqueIdentifier>
    </Filter>
    <Filter Include="Header Files\GlEngine\Graphics">
      <UniqueIdentifier>{16f5dd40-0666-46a3-bed0-a229e8017a4a}</UniqueIdentifier>
    </Filter>
    <Filter Include="Header Files\GlEngine\Audio">
      <UniqueIdentifier>{539566e3-68e3-4b70-a1d5-60ba65e969a9}</UniqueIdentifier>
    </Filter>
    <Filter Include="Source Files\GlEngine\Graphics">
      <UniqueIdentifier>{7e454e23-6f4e-49fa-a860-defa64adac50}</UniqueIdentifier>
    </Filter>
    <Filter Include="Source Files\GlEngine\Audio">
      <UniqueIdentifier>{e9033444-9915-4675-87ab-e2ccc9d15dc9}</UniqueIdentifier>
    </Filter>
    <Filter Include="Source Files\GlEngine\Windows">
      <UniqueIdentifier>{fa63737f-2204-46b5-a6f0-f913dbf9b23b}</UniqueIdentifier>
    </Filter>
    <Filter Include="Header Files\GlEngine\Windows">
      <UniqueIdentifier>{43272050-ac70-4702-916c-822129272cc1}</UniqueIdentifier>
    </Filter>
    <Filter Include="Header Files\GlEngine\Util">
      <UniqueIdentifier>{fe693c86-ba32-46f9-b002-bac435c34aca}</UniqueIdentifier>
    </Filter>
    <Filter Include="Header Files\GlEngine\Services">
      <UniqueIdentifier>{79c48e22-527f-4b50-b830-f9901c1ba1f5}</UniqueIdentifier>
    </Filter>
    <Filter Include="Source Files\GlEngine\Services">
      <UniqueIdentifier>{dc740f92-cc55-4fd8-b62e-153d0d99345b}</UniqueIdentifier>
    </Filter>
    <Filter Include="Source Files\GlEngine\Util">
      <UniqueIdentifier>{99dda5cd-531e-4e7b-8481-d54dfb601336}</UniqueIdentifier>
    </Filter>
    <Filter Include="Resource Files\Middleware">
      <UniqueIdentifier>{e187a317-925d-4065-9aa3-6979671133c2}</UniqueIdentifier>
    </Filter>
    <Filter Include="Header Files\GlEngine\Resources">
      <UniqueIdentifier>{9ff0739e-ed4b-4eee-9755-ec1536dbbf7a}</UniqueIdentifier>
    </Filter>
    <Filter Include="Source Files\GlEngine\Resources">
      <UniqueIdentifier>{b4a1e2cb-4395-4977-8054-1bffbe7b0418}</UniqueIdentifier>
    </Filter>
    <Filter Include="Header Files\GlEngine\Events">
      <UniqueIdentifier>{bb844dd7-4045-43e2-b9b3-3e04f68e997a}</UniqueIdentifier>
    </Filter>
    <Filter Include="Header Files\GlEngine\Graphics\Impl">
      <UniqueIdentifier>{1c82b25c-0973-4f8a-89a7-e756faffa44d}</UniqueIdentifier>
    </Filter>
  </ItemGroup>
  <ItemGroup>
    <ClInclude Include="stdafx.h">
      <Filter>Header Files</Filter>
    </ClInclude>
    <ClInclude Include="Threading.h">
      <Filter>Header Files</Filter>
    </ClInclude>
    <ClInclude Include="OpenGl.h">
      <Filter>Header Files</Filter>
    </ClInclude>
    <ClInclude Include="Engine.h">
      <Filter>Header Files\GlEngine</Filter>
    </ClInclude>
    <ClInclude Include="GameLoop.h">
      <Filter>Header Files\GlEngine</Filter>
    </ClInclude>
    <ClInclude Include="IComponent.h">
      <Filter>Header Files\GlEngine</Filter>
    </ClInclude>
    <ClInclude Include="IGameComponent.h">
      <Filter>Header Files\GlEngine</Filter>
    </ClInclude>
    <ClInclude Include="ScopedLock.h">
      <Filter>Header Files\GlEngine</Filter>
    </ClInclude>
    <ClInclude Include="GlControllerImpl.h">
      <Filter>Header Files\GlEngine\Graphics\Impl</Filter>
    </ClInclude>
    <ClInclude Include="GlRenderTargetImpl.h">
      <Filter>Header Files\GlEngine\Graphics\Impl</Filter>
    </ClInclude>
    <ClInclude Include="EngineShared.h">
      <Filter>Header Files</Filter>
    </ClInclude>
    <ClInclude Include="Event.h">
      <Filter>Header Files\GlEngine\Events</Filter>
    </ClInclude>
    <ClInclude Include="KeyboardEvent.h">
      <Filter>Header Files\GlEngine\Events</Filter>
    </ClInclude>
    <ClInclude Include="MouseEvent.h">
      <Filter>Header Files\GlEngine\Events</Filter>
    </ClInclude>
    <ClInclude Include="KeyboardEventType.h">
      <Filter>Header Files\GlEngine\Events</Filter>
    </ClInclude>
    <ClInclude Include="EventQueue.h">
      <Filter>Header Files\GlEngine\Events</Filter>
    </ClInclude>
    <ClInclude Include="MouseButton.h">
      <Filter>Header Files\GlEngine\Events</Filter>
    </ClInclude>
    <ClInclude Include="MouseEventType.h">
      <Filter>Header Files\GlEngine\Events</Filter>
    </ClInclude>
    <ClInclude Include="Window.h">
      <Filter>Header Files\GlEngine\Windows</Filter>
    </ClInclude>
    <ClInclude Include="WindowManager.h">
      <Filter>Header Files\GlEngine\Windows</Filter>
    </ClInclude>
    <ClInclude Include="GraphicsObject.h">
      <Filter>Header Files\GlEngine\Graphics</Filter>
    </ClInclude>
    <ClInclude Include="GlController.h">
      <Filter>Header Files\GlEngine\Graphics</Filter>
    </ClInclude>
    <ClInclude Include="GlRenderTarget.h">
      <Filter>Header Files\GlEngine\Graphics</Filter>
    </ClInclude>
    <ClInclude Include="GraphicsContext.h">
      <Filter>Header Files\GlEngine\Graphics</Filter>
    </ClInclude>
    <ClInclude Include="IAudioSource.h">
      <Filter>Header Files\GlEngine\Audio</Filter>
    </ClInclude>
    <ClInclude Include="FixWindows.h">
      <Filter>Header Files</Filter>
    </ClInclude>
    <ClInclude Include="KeyValuePair.h">
      <Filter>Header Files\GlEngine\Util</Filter>
    </ClInclude>
    <ClInclude Include="IConfigProvider.h">
      <Filter>Header Files\GlEngine\Services</Filter>
    </ClInclude>
    <ClInclude Include="FileLogger.h">
      <Filter>Header Files\GlEngine\Services</Filter>
    </ClInclude>
    <ClInclude Include="FileConfigProvider.h">
      <Filter>Header Files\GlEngine\Services</Filter>
    </ClInclude>
    <ClInclude Include="ConsoleLogger.h">
      <Filter>Header Files\GlEngine\Services</Filter>
    </ClInclude>
    <ClInclude Include="Camera.h">
      <Filter>Header Files\GlEngine\Graphics</Filter>
    </ClInclude>
    <ClInclude Include="CameraImpl.h">
      <Filter>Header Files\GlEngine\Graphics\Impl</Filter>
    </ClInclude>
    <ClInclude Include="IEventSender.h">
      <Filter>Header Files\GlEngine\Events</Filter>
    </ClInclude>
    <ClInclude Include="LogType.h">
      <Filter>Header Files\GlEngine\Services</Filter>
    </ClInclude>
    <ClInclude Include="ILogger.h">
      <Filter>Header Files\GlEngine\Services</Filter>
    </ClInclude>
    <ClInclude Include="PathUtils.h">
      <Filter>Header Files\GlEngine\Util</Filter>
    </ClInclude>
    <ClInclude Include="Shader.h">
      <Filter>Header Files\GlEngine\Graphics</Filter>
    </ClInclude>
    <ClInclude Include="StringUtils.h">
      <Filter>Header Files\GlEngine\Util</Filter>
    </ClInclude>
    <ClInclude Include="TimeUtils.h">
      <Filter>Header Files\GlEngine\Util</Filter>
    </ClInclude>
    <ClInclude Include="IService.h">
      <Filter>Header Files\GlEngine\Services</Filter>
    </ClInclude>
    <ClInclude Include="ServiceProvider.h">
      <Filter>Header Files\GlEngine\Services</Filter>
    </ClInclude>
    <ClInclude Include="TransformedGraphicsObject.h">
      <Filter>Header Files\GlEngine\Graphics</Filter>
    </ClInclude>
    <ClInclude Include="GameObject.h">
      <Filter>Header Files\GlEngine</Filter>
    </ClInclude>
    <ClInclude Include="Shader.h">
      <Filter>Header Files\GlEngine</Filter>
    </ClInclude>
    <ClInclude Include="VBOFactory.h">
      <Filter>Header Files\GlEngine\Resources</Filter>
    </ClInclude>
    <ClInclude Include="AudioController.h">
      <Filter>Header Files\GlEngine\Audio</Filter>
    </ClInclude>
    <ClInclude Include="AudioControllerImpl.h">
      <Filter>Header Files\GlEngine\Graphics\Impl</Filter>
    </ClInclude>
    <ClInclude Include="Memory.h">
      <Filter>Header Files</Filter>
    </ClInclude>
    <ClInclude Include="VbObject.h">
      <Filter>Header Files\GlEngine\Resources</Filter>
    </ClInclude>
    <ClInclude Include="vbo_attribs.h">
      <Filter>Header Files\GlEngine\Resources</Filter>
    </ClInclude>
    <ClInclude Include="BufferMode.h">
      <Filter>Header Files\GlEngine\Resources</Filter>
    </ClInclude>
    <ClInclude Include="UnsafeVboFactory.h">
      <Filter>Header Files\GlEngine\Resources</Filter>
    </ClInclude>
    <ClInclude Include="VboType.h">
      <Filter>Header Files\GlEngine\Resources</Filter>
    </ClInclude>
    <ClInclude Include="VboFactory.h">
      <Filter>Header Files\GlEngine\Resources</Filter>
    </ClInclude>
    <ClInclude Include="Matrix.h">
      <Filter>Header Files</Filter>
    </ClInclude>
    <ClInclude Include="Vector.h">
      <Filter>Header Files</Filter>
    </ClInclude>
    <ClInclude Include="VectorVboAttribs.h">
      <Filter>Header Files\GlEngine\Resources</Filter>
    </ClInclude>
    <ClInclude Include="ObjLoader.h">
      <Filter>Header Files\GlEngine\Resources</Filter>
    </ClInclude>
    <ClInclude Include="Audio.h">
      <Filter>Header Files\GlEngine</Filter>
    </ClInclude>
    <ClInclude Include="YseAudioSource.h">
      <Filter>Header Files\GlEngine\Audio</Filter>
    </ClInclude>
    <ClInclude Include="ShaderGraphicsObject.h">
      <Filter>Header Files\GlEngine\Graphics</Filter>
    </ClInclude>
    <ClInclude Include="VboGraphicsObject.h">
      <Filter>Header Files\GlEngine\Graphics</Filter>
    </ClInclude>
    <ClInclude Include="FbxLoader.h">
      <Filter>Header Files\GlEngine\Resources</Filter>
    </ClInclude>
    <ClInclude Include="ObjGraphicsObject.h">
      <Filter>Header Files\GlEngine\Graphics</Filter>
    </ClInclude>
    <ClInclude Include="FbxGraphicsObject.h">
      <Filter>Header Files\GlEngine\Graphics</Filter>
    </ClInclude>
    <ClInclude Include="FbxParser.h">
      <Filter>Header Files\GlEngine\Resources</Filter>
    </ClInclude>
  </ItemGroup>
  <ItemGroup>
    <ClCompile Include="Engine.cpp">
      <Filter>Source Files\GlEngine</Filter>
    </ClCompile>
    <ClCompile Include="GameLoop.cpp">
      <Filter>Source Files\GlEngine</Filter>
    </ClCompile>
    <ClCompile Include="ScopedLock.cpp">
      <Filter>Source Files\GlEngine</Filter>
    </ClCompile>
    <ClCompile Include="GlControllerImpl.cpp">
      <Filter>Source Files\GlEngine\Impl</Filter>
    </ClCompile>
    <ClCompile Include="KeyboardEvent.cpp">
      <Filter>Source Files\GlEngine\Events</Filter>
    </ClCompile>
    <ClCompile Include="MouseEvent.cpp">
      <Filter>Source Files\GlEngine\Events</Filter>
    </ClCompile>
    <ClCompile Include="EventQueue.cpp">
      <Filter>Source Files\GlEngine\Events</Filter>
    </ClCompile>
    <ClCompile Include="GlController.cpp">
      <Filter>Source Files\GlEngine\Graphics</Filter>
    </ClCompile>
    <ClCompile Include="GlRenderTargetImpl.cpp">
      <Filter>Source Files\GlEngine\Impl</Filter>
    </ClCompile>
    <ClCompile Include="GlRenderTarget.cpp">
      <Filter>Source Files\GlEngine\Graphics</Filter>
    </ClCompile>
    <ClCompile Include="IAudioSource.cpp">
      <Filter>Source Files\GlEngine\Audio</Filter>
    </ClCompile>
    <ClCompile Include="Window.cpp">
      <Filter>Source Files\GlEngine\Windows</Filter>
    </ClCompile>
    <ClCompile Include="Window_WndProc.cpp">
      <Filter>Source Files\GlEngine\Windows</Filter>
    </ClCompile>
    <ClCompile Include="WindowManager.cpp">
      <Filter>Source Files\GlEngine\Windows</Filter>
    </ClCompile>
    <ClCompile Include="Threading.cpp">
      <Filter>Source Files</Filter>
    </ClCompile>
    <ClCompile Include="KeyValuePair.cpp">
      <Filter>Source Files\GlEngine\Util</Filter>
    </ClCompile>
    <ClCompile Include="TimeUtils.cpp">
      <Filter>Source Files\GlEngine\Util</Filter>
    </ClCompile>
    <ClCompile Include="FileLogger.cpp">
      <Filter>Source Files\GlEngine\Services</Filter>
    </ClCompile>
    <ClCompile Include="ILogger.cpp">
      <Filter>Source Files\GlEngine\Services</Filter>
    </ClCompile>
    <ClCompile Include="Shader.cpp">
      <Filter>Source Files\GlEngine\Graphics</Filter>
    </ClCompile>
    <ClCompile Include="GraphicsContext.cpp">
      <Filter>Source Files\GlEngine\Graphics</Filter>
    </ClCompile>
    <ClCompile Include="GraphicsObject.cpp">
      <Filter>Source Files\GlEngine\Graphics</Filter>
    </ClCompile>
    <ClCompile Include="Camera.cpp">
      <Filter>Source Files\GlEngine\Graphics</Filter>
    </ClCompile>
    <ClCompile Include="CameraImpl.cpp">
      <Filter>Source Files\GlEngine\Impl</Filter>
    </ClCompile>
    <ClCompile Include="TransformedGraphicsObject.cpp">
      <Filter>Source Files\GlEngine\Graphics</Filter>
    </ClCompile>
    <ClCompile Include="LogType.cpp">
      <Filter>Source Files\GlEngine\Services</Filter>
    </ClCompile>
    <ClCompile Include="FileConfigProvider.cpp">
      <Filter>Source Files\GlEngine\Services</Filter>
    </ClCompile>
    <ClCompile Include="ConsoleLogger.cpp">
      <Filter>Source Files\GlEngine\Services</Filter>
    </ClCompile>
    <ClCompile Include="IConfigProvider.cpp">
      <Filter>Source Files\GlEngine\Services</Filter>
    </ClCompile>
    <ClCompile Include="PathUtils.cpp">
      <Filter>Source Files\GlEngine\Util</Filter>
    </ClCompile>
    <ClCompile Include="StringUtils.cpp">
      <Filter>Source Files\GlEngine\Util</Filter>
    </ClCompile>
    <ClCompile Include="GameObject.cpp">
      <Filter>Source Files\GlEngine</Filter>
    </ClCompile>
    <ClCompile Include="IService.cpp">
      <Filter>Source Files\GlEngine\Services</Filter>
    </ClCompile>
    <ClCompile Include="Threading.cpp">
      <Filter>Source Files</Filter>
    </ClCompile>
    <ClCompile Include="AudioController.cpp">
      <Filter>Source Files\GlEngine\Audio</Filter>
    </ClCompile>
    <ClCompile Include="AudioControllerImpl.cpp">
      <Filter>Source Files\GlEngine\Impl</Filter>
    </ClCompile>
    <ClCompile Include="VbObject.cpp">
      <Filter>Source Files\GlEngine\Resources</Filter>
    </ClCompile>
    <ClCompile Include="ObjLoader.cpp">
      <Filter>Source Files\GlEngine\Resources</Filter>
    </ClCompile>
    <ClCompile Include="UnsafeVboFactory_CompileVbo.cpp">
      <Filter>Source Files\GlEngine\Impl</Filter>
    </ClCompile>
    <ClCompile Include="ServiceProvider.cpp">
      <Filter>Source Files\GlEngine\Services</Filter>
    </ClCompile>
    <ClCompile Include="YseAudioSource.cpp">
      <Filter>Source Files\GlEngine\Audio</Filter>
    </ClCompile>
    <ClCompile Include="ShaderGraphicsObject.cpp">
      <Filter>Source Files\GlEngine\Graphics</Filter>
    </ClCompile>
    <ClCompile Include="VboGraphicsObject.cpp">
      <Filter>Source Files\GlEngine\Graphics</Filter>
    </ClCompile>
    <ClCompile Include="FbxLoader.cpp">
      <Filter>Source Files\GlEngine\Resources</Filter>
    </ClCompile>
    <ClCompile Include="ObjGraphicsObject.cpp">
      <Filter>Source Files\GlEngine\Graphics</Filter>
    </ClCompile>
    <ClCompile Include="FbxGraphicsObject.cpp">
      <Filter>Source Files\GlEngine\Graphics</Filter>
    </ClCompile>
    <ClCompile Include="FbxParser.cpp">
      <Filter>Source Files\GlEngine\Resources</Filter>
    </ClCompile>
  </ItemGroup>
</Project>